// !$*UTF8*$!
{
	archiveVersion = 1;
	classes = {
	};
	objectVersion = 46;
	objects = {

/* Begin PBXBuildFile section */
		5875BC971D287FE9002083FC /* AppDelegate.swift in Sources */ = {isa = PBXBuildFile; fileRef = 5875BC961D287FE9002083FC /* AppDelegate.swift */; };
		5875BC991D287FE9002083FC /* ViewController.swift in Sources */ = {isa = PBXBuildFile; fileRef = 5875BC981D287FE9002083FC /* ViewController.swift */; };
		5875BC9C1D287FE9002083FC /* Main.storyboard in Resources */ = {isa = PBXBuildFile; fileRef = 5875BC9A1D287FE9002083FC /* Main.storyboard */; };
		5875BC9E1D287FE9002083FC /* Assets.xcassets in Resources */ = {isa = PBXBuildFile; fileRef = 5875BC9D1D287FE9002083FC /* Assets.xcassets */; };
		5875BCA11D287FE9002083FC /* LaunchScreen.storyboard in Resources */ = {isa = PBXBuildFile; fileRef = 5875BC9F1D287FE9002083FC /* LaunchScreen.storyboard */; };
		5875BCA91D2880AE002083FC /* AVFoundation.framework in Frameworks */ = {isa = PBXBuildFile; fileRef = 5875BCA81D2880AE002083FC /* AVFoundation.framework */; };
/* End PBXBuildFile section */

/* Begin PBXFileReference section */
		5875BC931D287FE9002083FC /* QRcode.app */ = {isa = PBXFileReference; explicitFileType = wrapper.application; includeInIndex = 0; path = QRcode.app; sourceTree = BUILT_PRODUCTS_DIR; };
		5875BC961D287FE9002083FC /* AppDelegate.swift */ = {isa = PBXFileReference; lastKnownFileType = sourcecode.swift; path = AppDelegate.swift; sourceTree = "<group>"; };
		5875BC981D287FE9002083FC /* ViewController.swift */ = {isa = PBXFileReference; lastKnownFileType = sourcecode.swift; path = ViewController.swift; sourceTree = "<group>"; };
		5875BC9B1D287FE9002083FC /* Base */ = {isa = PBXFileReference; lastKnownFileType = file.storyboard; name = Base; path = Base.lproj/Main.storyboard; sourceTree = "<group>"; };
		5875BC9D1D287FE9002083FC /* Assets.xcassets */ = {isa = PBXFileReference; lastKnownFileType = folder.assetcatalog; path = Assets.xcassets; sourceTree = "<group>"; };
		5875BCA01D287FE9002083FC /* Base */ = {isa = PBXFileReference; lastKnownFileType = file.storyboard; name = Base; path = Base.lproj/LaunchScreen.storyboard; sourceTree = "<group>"; };
		5875BCA21D287FE9002083FC /* Info.plist */ = {isa = PBXFileReference; lastKnownFileType = text.plist.xml; path = Info.plist; sourceTree = "<group>"; };
		5875BCA81D2880AE002083FC /* AVFoundation.framework */ = {isa = PBXFileReference; lastKnownFileType = wrapper.framework; name = AVFoundation.framework; path = System/Library/Frameworks/AVFoundation.framework; sourceTree = SDKROOT; };
/* End PBXFileReference section */

/* Begin PBXFrameworksBuildPhase section */
		5875BC901D287FE9002083FC /* Frameworks */ = {
			isa = PBXFrameworksBuildPhase;
			buildActionMask = 2147483647;
			files = (
				5875BCA91D2880AE002083FC /* AVFoundation.framework in Frameworks */,
			);
			runOnlyForDeploymentPostprocessing = 0;
		};
/* End PBXFrameworksBuildPhase section */

/* Begin PBXGroup section */
		5875BC8A1D287FE9002083FC = {
			isa = PBXGroup;
			children = (
				5875BCA81D2880AE002083FC /* AVFoundation.framework */,
				5875BC951D287FE9002083FC /* QRcode */,
				5875BC941D287FE9002083FC /* Products */,
			);
			sourceTree = "<group>";
		};
		5875BC941D287FE9002083FC /* Products */ = {
			isa = PBXGroup;
			children = (
				5875BC931D287FE9002083FC /* QRcode.app */,
			);
			name = Products;
			sourceTree = "<group>";
		};
		5875BC951D287FE9002083FC /* QRcode */ = {
			isa = PBXGroup;
			children = (
				5875BC961D287FE9002083FC /* AppDelegate.swift */,
				5875BC981D287FE9002083FC /* ViewController.swift */,
				5875BC9A1D287FE9002083FC /* Main.storyboard */,
				5875BC9D1D287FE9002083FC /* Assets.xcassets */,
				5875BC9F1D287FE9002083FC /* LaunchScreen.storyboard */,
				5875BCA21D287FE9002083FC /* Info.plist */,
			);
			path = QRcode;
			sourceTree = "<group>";
		};
/* End PBXGroup section */

/* Begin PBXNativeTarget section */
		5875BC921D287FE9002083FC /* QRcode */ = {
			isa = PBXNativeTarget;
			buildConfigurationList = 5875BCA51D287FE9002083FC /* Build configuration list for PBXNativeTarget "QRcode" */;
			buildPhases = (
				5875BC8F1D287FE9002083FC /* Sources */,
				5875BC901D287FE9002083FC /* Frameworks */,
				5875BC911D287FE9002083FC /* Resources */,
			);
			buildRules = (
			);
			dependencies = (
			);
			name = QRcode;
			productName = QRcode;
			productReference = 5875BC931D287FE9002083FC /* QRcode.app */;
			productType = "com.apple.product-type.application";
		};
/* End PBXNativeTarget section */

/* Begin PBXProject section */
		5875BC8B1D287FE9002083FC /* Project object */ = {
			isa = PBXProject;
			attributes = {
				LastSwiftUpdateCheck = 0730;
				LastUpgradeCheck = 0730;
				ORGANIZATIONNAME = CWJ;
				TargetAttributes = {
					5875BC921D287FE9002083FC = {
						CreatedOnToolsVersion = 7.3.1;
					};
				};
			};
			buildConfigurationList = 5875BC8E1D287FE9002083FC /* Build configuration list for PBXProject "QRcode" */;
			compatibilityVersion = "Xcode 3.2";
			developmentRegion = English;
			hasScannedForEncodings = 0;
			knownRegions = (
				en,
				Base,
			);
			mainGroup = 5875BC8A1D287FE9002083FC;
			productRefGroup = 5875BC941D287FE9002083FC /* Products */;
			projectDirPath = "";
			projectRoot = "";
			targets = (
				5875BC921D287FE9002083FC /* QRcode */,
			);
		};
/* End PBXProject section */

/* Begin PBXResourcesBuildPhase section */
		5875BC911D287FE9002083FC /* Resources */ = {
			isa = PBXResourcesBuildPhase;
			buildActionMask = 2147483647;
			files = (
				5875BCA11D287FE9002083FC /* LaunchScreen.storyboard in Resources */,
				5875BC9E1D287FE9002083FC /* Assets.xcassets in Resources */,
				5875BC9C1D287FE9002083FC /* Main.storyboard in Resources */,
			);
			runOnlyForDeploymentPostprocessing = 0;
		};
/* End PBXResourcesBuildPhase section */

/* Begin PBXSourcesBuildPhase section */
		5875BC8F1D287FE9002083FC /* Sources */ = {
			isa = PBXSourcesBuildPhase;
			buildActionMask = 2147483647;
			files = (
				5875BC991D287FE9002083FC /* ViewController.swift in Sources */,
				5875BC971D287FE9002083FC /* AppDelegate.swift in Sources */,
			);
			runOnlyForDeploymentPostprocessing = 0;
		};
/* End PBXSourcesBuildPhase section */

/* Begin PBXVariantGroup section */
		5875BC9A1D287FE9002083FC /* Main.storyboard */ = {
			isa = PBXVariantGroup;
			children = (
				5875BC9B1D287FE9002083FC /* Base */,
			);
			name = Main.storyboard;
			sourceTree = "<group>";
		};
		5875BC9F1D287FE9002083FC /* LaunchScreen.storyboard */ = {
			isa = PBXVariantGroup;
			children = (
				5875BCA01D287FE9002083FC /* Base */,
			);
			name = LaunchScreen.storyboard;
			sourceTree = "<group>";
		};
/* End PBXVariantGroup section */

/* Begin XCBuildConfiguration section */
		5875BCA31D287FE9002083FC /* Debug */ = {
			isa = XCBuildConfiguration;
			buildSettings = {
				ALWAYS_SEARCH_USER_PATHS = NO;
				CLANG_ANALYZER_NONNULL = YES;
				CLANG_CXX_LANGUAGE_STANDARD = "gnu++0x";
				CLANG_CXX_LIBRARY = "libc++";
				CLANG_ENABLE_MODULES = YES;
				CLANG_ENABLE_OBJC_ARC = YES;
				CLANG_WARN_BOOL_CONVERSION = YES;
				CLANG_WARN_CONSTANT_CONVERSION = YES;
				CLANG_WARN_DIRECT_OBJC_ISA_USAGE = YES_ERROR;
				CLANG_WARN_EMPTY_BODY = YES;
				CLANG_WARN_ENUM_CONVERSION = YES;
				CLANG_WARN_INT_CONVERSION = YES;
				CLANG_WARN_OBJC_ROOT_CLASS = YES_ERROR;
				CLANG_WARN_UNREACHABLE_CODE = YES;
				CLANG_WARN__DUPLICATE_METHOD_MATCH = YES;
				"CODE_SIGN_IDENTITY[sdk=iphoneos*]" = "iPhone Developer";
				COPY_PHASE_STRIP = NO;
				DEBUG_INFORMATION_FORMAT = dwarf;
				ENABLE_STRICT_OBJC_MSGSEND = YES;
				ENABLE_TESTABILITY = YES;
				GCC_C_LANGUAGE_STANDARD = gnu99;
				GCC_DYNAMIC_NO_PIC = NO;
				GCC_NO_COMMON_BLOCKS = YES;
				GCC_OPTIMIZATION_LEVEL = 0;
				GCC_PREPROCESSOR_DEFINITIONS = (
					"DEBUG=1",
					"$(inherited)",
				);
				GCC_WARN_64_TO_32_BIT_CONVERSION = YES;
				GCC_WARN_ABOUT_RETURN_TYPE = YES_ERROR;
				GCC_WARN_UNDECLARED_SELECTOR = YES;
				GCC_WARN_UNINITIALIZED_AUTOS = YES_AGGRESSIVE;
				GCC_WARN_UNUSED_FUNCTION = YES;
				GCC_WARN_UNUSED_VARIABLE = YES;
				IPHONEOS_DEPLOYMENT_TARGET = 9.3;
				MTL_ENABLE_DEBUG_INFO = YES;
				ONLY_ACTIVE_ARCH = YES;
				SDKROOT = iphoneos;
				SWIFT_OPTIMIZATION_LEVEL = "-Onone";
				TARGETED_DEVICE_FAMILY = "1,2";
			};
			name = Debug;
		};
		5875BCA41D287FE9002083FC /* Release */ = {
			isa = XCBuildConfiguration;
			buildSettings = {
				ALWAYS_SEARCH_USER_PATHS = NO;
				CLANG_ANALYZER_NONNULL = YES;
				CLANG_CXX_LANGUAGE_STANDARD = "gnu++0x";
				CLANG_CXX_LIBRARY = "libc++";
				CLANG_ENABLE_MODULES = YES;
				CLANG_ENABLE_OBJC_ARC = YES;
				CLANG_WARN_BOOL_CONVERSION = YES;
				CLANG_WARN_CONSTANT_CONVERSION = YES;
				CLANG_WARN_DIRECT_OBJC_ISA_USAGE = YES_ERROR;
				CLANG_WARN_EMPTY_BODY = YES;
				CLANG_WARN_ENUM_CONVERSION = YES;
				CLANG_WARN_INT_CONVERSION = YES;
				CLANG_WARN_OBJC_ROOT_CLASS = YES_ERROR;
				CLANG_WARN_UNREACHABLE_CODE = YES;
				CLANG_WARN__DUPLICATE_METHOD_MATCH = YES;
				"CODE_SIGN_IDENTITY[sdk=iphoneos*]" = "iPhone Developer";
				COPY_PHASE_STRIP = NO;
				DEBUG_INFORMATION_FORMAT = "dwarf-with-dsym";
				ENABLE_NS_ASSERTIONS = NO;
				ENABLE_STRICT_OBJC_MSGSEND = YES;
				GCC_C_LANGUAGE_STANDARD = gnu99;
				GCC_NO_COMMON_BLOCKS = YES;
				GCC_WARN_64_TO_32_BIT_CONVERSION = YES;
				GCC_WARN_ABOUT_RETURN_TYPE = YES_ERROR;
				GCC_WARN_UNDECLARED_SELECTOR = YES;
				GCC_WARN_UNINITIALIZED_AUTOS = YES_AGGRESSIVE;
				GCC_WARN_UNUSED_FUNCTION = YES;
				GCC_WARN_UNUSED_VARIABLE = YES;
				IPHONEOS_DEPLOYMENT_TARGET = 9.3;
				MTL_ENABLE_DEBUG_INFO = NO;
				SDKROOT = iphoneos;
				TARGETED_DEVICE_FAMILY = "1,2";
				VALIDATE_PRODUCT = YES;
			};
			name = Release;
		};
		5875BCA61D287FE9002083FC /* Debug */ = {
			isa = XCBuildConfiguration;
			buildSettings = {
				ASSETCATALOG_COMPILER_APPICON_NAME = AppIcon;
				INFOPLIST_FILE = QRcode/Info.plist;
				LD_RUNPATH_SEARCH_PATHS = "$(inherited) @executable_path/Frameworks";
				PRODUCT_BUNDLE_IDENTIFIER = com.codewithjallohDev.QRcode;
				PRODUCT_NAME = "$(TARGET_NAME)";
			};
			name = Debug;
		};
		5875BCA71D287FE9002083FC /* Release */ = {
			isa = XCBuildConfiguration;
			buildSettings = {
				ASSETCATALOG_COMPILER_APPICON_NAME = AppIcon;
				INFOPLIST_FILE = QRcode/Info.plist;
				LD_RUNPATH_SEARCH_PATHS = "$(inherited) @executable_path/Frameworks";
				PRODUCT_BUNDLE_IDENTIFIER = com.codewithjallohDev.QRcode;
				PRODUCT_NAME = "$(TARGET_NAME)";
			};
			name = Release;
		};
/* End XCBuildConfiguration section */

/* Begin XCConfigurationList section */
		5875BC8E1D287FE9002083FC /* Build configuration list for PBXProject "QRcode" */ = {
			isa = XCConfigurationList;
			buildConfigurations = (
				5875BCA31D287FE9002083FC /* Debug */,
				5875BCA41D287FE9002083FC /* Release */,
			);
			defaultConfigurationIsVisible = 0;
			defaultConfigurationName = Release;
		};
		5875BCA51D287FE9002083FC /* Build configuration list for PBXNativeTarget "QRcode" */ = {
			isa = XCConfigurationList;
			buildConfigurations = (
				5875BCA61D287FE9002083FC /* Debug */,
				5875BCA71D287FE9002083FC /* Release */,
			);
			defaultConfigurationIsVisible = 0;
		};
/* End XCConfigurationList section */
	};
	rootObject = 5875BC8B1D287FE9002083FC /* Project object */;
}
